
Microsoft Visual Studio Solution File, Format Version 12.00
# Visual Studio Version 17
VisualStudioVersion = 17.14.36414.22 d17.14
MinimumVisualStudioVersion = 10.0.40219.1
Project("{FAE04EC0-301F-11D3-BF4B-00C04F79EFBC}") = "Rohan_Phadtare_DotnetAssignment6_CodeFirstAPI", "Rohan_Phadtare_DotnetAssignment6_CodeFirstAPI\Rohan_Phadtare_DotnetAssignment6_CodeFirstAPI.csproj", "{BA87DA4F-6D78-4DFE-B88D-22413573A473}"
EndProject
Global
	GlobalSection(SolutionConfigurationPlatforms) = preSolution
		Debug|Any CPU = Debug|Any CPU
		Release|Any CPU = Release|Any CPU
	EndGlobalSection
	GlobalSection(ProjectConfigurationPlatforms) = postSolution
		{BA87DA4F-6D78-4DFE-B88D-22413573A473}.Debug|Any CPU.ActiveCfg = Debug|Any CPU
		{BA87DA4F-6D78-4DFE-B88D-22413573A473}.Debug|Any CPU.Build.0 = Debug|Any CPU
		{BA87DA4F-6D78-4DFE-B88D-22413573A473}.Release|Any CPU.ActiveCfg = Release|Any CPU
		{BA87DA4F-6D78-4DFE-B88D-22413573A473}.Release|Any CPU.Build.0 = Release|Any CPU
	EndGlobalSection
	GlobalSection(SolutionProperties) = preSolution
		HideSolutionNode = FALSE
	EndGlobalSection
	GlobalSection(ExtensibilityGlobals) = postSolution
		SolutionGuid = {F687CF74-6246-475E-8965-C95C474ECBA6}
	EndGlobalSection
EndGlobal
